
Microsoft Visual Studio Solution File, Format Version 12.00
# Visual Studio Version 17
VisualStudioVersion = 17.11.35222.181
MinimumVisualStudioVersion = 10.0.40219.1
Project("{FAE04EC0-301F-11D3-BF4B-00C04F79EFBC}") = "libreria_XGVC", "libreria_XGVC.csproj", "{B73F7723-F977-474D-8D02-5B07448F9184}"
EndProject
Global
	GlobalSection(SolutionConfigurationPlatforms) = preSolution
		Debug|Any CPU = Debug|Any CPU
		Release|Any CPU = Release|Any CPU
	EndGlobalSection
	GlobalSection(ProjectConfigurationPlatforms) = postSolution
		{B73F7723-F977-474D-8D02-5B07448F9184}.Debug|Any CPU.ActiveCfg = Debug|Any CPU
		{B73F7723-F977-474D-8D02-5B07448F9184}.Debug|Any CPU.Build.0 = Debug|Any CPU
		{B73F7723-F977-474D-8D02-5B07448F9184}.Release|Any CPU.ActiveCfg = Release|Any CPU
		{B73F7723-F977-474D-8D02-5B07448F9184}.Release|Any CPU.Build.0 = Release|Any CPU
	EndGlobalSection
	GlobalSection(SolutionProperties) = preSolution
		HideSolutionNode = FALSE
	EndGlobalSection
	GlobalSection(ExtensibilityGlobals) = postSolution
		SolutionGuid = {56BF722B-2638-4F5E-8B1E-F1B3CF64C3CF}
	EndGlobalSection
EndGlobal
